// !$*UTF8*$!
{
	archiveVersion = 1;
	classes = {
	};
	objectVersion = 46;
	objects = {

/* Begin PBXBuildFile section */
		7CED79C1199030DA002C9043 /* Foundation.framework in Frameworks */ = {isa = PBXBuildFile; fileRef = 7CED79C0199030DA002C9043 /* Foundation.framework */; };
		7CED79C3199030DA002C9043 /* CoreGraphics.framework in Frameworks */ = {isa = PBXBuildFile; fileRef = 7CED79C2199030DA002C9043 /* CoreGraphics.framework */; };
		7CED79C5199030DA002C9043 /* UIKit.framework in Frameworks */ = {isa = PBXBuildFile; fileRef = 7CED79C4199030DA002C9043 /* UIKit.framework */; };
		7CED79CB199030DA002C9043 /* InfoPlist.strings in Resources */ = {isa = PBXBuildFile; fileRef = 7CED79C9199030DA002C9043 /* InfoPlist.strings */; };
		7CED79CD199030DA002C9043 /* main.m in Sources */ = {isa = PBXBuildFile; fileRef = 7CED79CC199030DA002C9043 /* main.m */; };
		7CED79D1199030DA002C9043 /* GAAppDelegate.m in Sources */ = {isa = PBXBuildFile; fileRef = 7CED79D0199030DA002C9043 /* GAAppDelegate.m */; };
		7CED79D4199030DA002C9043 /* Main.storyboard in Resources */ = {isa = PBXBuildFile; fileRef = 7CED79D2199030DA002C9043 /* Main.storyboard */; };
		7CED79D7199030DA002C9043 /* GAViewController.m in Sources */ = {isa = PBXBuildFile; fileRef = 7CED79D6199030DA002C9043 /* GAViewController.m */; };
		7CED79D9199030DA002C9043 /* Images.xcassets in Resources */ = {isa = PBXBuildFile; fileRef = 7CED79D8199030DA002C9043 /* Images.xcassets */; };
		7CED79E0199030DA002C9043 /* XCTest.framework in Frameworks */ = {isa = PBXBuildFile; fileRef = 7CED79DF199030DA002C9043 /* XCTest.framework */; };
		7CED79E1199030DA002C9043 /* Foundation.framework in Frameworks */ = {isa = PBXBuildFile; fileRef = 7CED79C0199030DA002C9043 /* Foundation.framework */; };
		7CED79E2199030DA002C9043 /* UIKit.framework in Frameworks */ = {isa = PBXBuildFile; fileRef = 7CED79C4199030DA002C9043 /* UIKit.framework */; };
		7CED79EA199030DA002C9043 /* InfoPlist.strings in Resources */ = {isa = PBXBuildFile; fileRef = 7CED79E8199030DA002C9043 /* InfoPlist.strings */; };
		7CED79EC199030DA002C9043 /* ImageUtilsTests.m in Sources */ = {isa = PBXBuildFile; fileRef = 7CED79EB199030DA002C9043 /* ImageUtilsTests.m */; };
/* End PBXBuildFile section */

/* Begin PBXContainerItemProxy section */
		7CED79E3199030DA002C9043 /* PBXContainerItemProxy */ = {
			isa = PBXContainerItemProxy;
			containerPortal = 7CED79B5199030DA002C9043 /* Project object */;
			proxyType = 1;
			remoteGlobalIDString = 7CED79BC199030DA002C9043;
			remoteInfo = ImageUtils;
		};
/* End PBXContainerItemProxy section */

/* Begin PBXFileReference section */
		7CED79BD199030DA002C9043 /* ImageUtils.app */ = {isa = PBXFileReference; explicitFileType = wrapper.application; includeInIndex = 0; path = ImageUtils.app; sourceTree = BUILT_PRODUCTS_DIR; };
		7CED79C0199030DA002C9043 /* Foundation.framework */ = {isa = PBXFileReference; lastKnownFileType = wrapper.framework; name = Foundation.framework; path = System/Library/Frameworks/Foundation.framework; sourceTree = SDKROOT; };
		7CED79C2199030DA002C9043 /* CoreGraphics.framework */ = {isa = PBXFileReference; lastKnownFileType = wrapper.framework; name = CoreGraphics.framework; path = System/Library/Frameworks/CoreGraphics.framework; sourceTree = SDKROOT; };
		7CED79C4199030DA002C9043 /* UIKit.framework */ = {isa = PBXFileReference; lastKnownFileType = wrapper.framework; name = UIKit.framework; path = System/Library/Frameworks/UIKit.framework; sourceTree = SDKROOT; };
		7CED79C8199030DA002C9043 /* ImageUtils-Info.plist */ = {isa = PBXFileReference; lastKnownFileType = text.plist.xml; path = "ImageUtils-Info.plist"; sourceTree = "<group>"; };
		7CED79CA199030DA002C9043 /* en */ = {isa = PBXFileReference; lastKnownFileType = text.plist.strings; name = en; path = en.lproj/InfoPlist.strings; sourceTree = "<group>"; };
		7CED79CC199030DA002C9043 /* main.m */ = {isa = PBXFileReference; lastKnownFileType = sourcecode.c.objc; path = main.m; sourceTree = "<group>"; };
		7CED79CE199030DA002C9043 /* ImageUtils-Prefix.pch */ = {isa = PBXFileReference; lastKnownFileType = sourcecode.c.h; path = "ImageUtils-Prefix.pch"; sourceTree = "<group>"; };
		7CED79CF199030DA002C9043 /* GAAppDelegate.h */ = {isa = PBXFileReference; lastKnownFileType = sourcecode.c.h; path = GAAppDelegate.h; sourceTree = "<group>"; };
		7CED79D0199030DA002C9043 /* GAAppDelegate.m */ = {isa = PBXFileReference; lastKnownFileType = sourcecode.c.objc; path = GAAppDelegate.m; sourceTree = "<group>"; };
		7CED79D3199030DA002C9043 /* Base */ = {isa = PBXFileReference; lastKnownFileType = file.storyboard; name = Base; path = Base.lproj/Main.storyboard; sourceTree = "<group>"; };
		7CED79D5199030DA002C9043 /* GAViewController.h */ = {isa = PBXFileReference; lastKnownFileType = sourcecode.c.h; path = GAViewController.h; sourceTree = "<group>"; };
		7CED79D6199030DA002C9043 /* GAViewController.m */ = {isa = PBXFileReference; lastKnownFileType = sourcecode.c.objc; path = GAViewController.m; sourceTree = "<group>"; };
		7CED79D8199030DA002C9043 /* Images.xcassets */ = {isa = PBXFileReference; lastKnownFileType = folder.assetcatalog; path = Images.xcassets; sourceTree = "<group>"; };
		7CED79DE199030DA002C9043 /* ImageUtilsTests.xctest */ = {isa = PBXFileReference; explicitFileType = wrapper.cfbundle; includeInIndex = 0; path = ImageUtilsTests.xctest; sourceTree = BUILT_PRODUCTS_DIR; };
		7CED79DF199030DA002C9043 /* XCTest.framework */ = {isa = PBXFileReference; lastKnownFileType = wrapper.framework; name = XCTest.framework; path = Library/Frameworks/XCTest.framework; sourceTree = DEVELOPER_DIR; };
		7CED79E7199030DA002C9043 /* ImageUtilsTests-Info.plist */ = {isa = PBXFileReference; lastKnownFileType = text.plist.xml; path = "ImageUtilsTests-Info.plist"; sourceTree = "<group>"; };
		7CED79E9199030DA002C9043 /* en */ = {isa = PBXFileReference; lastKnownFileType = text.plist.strings; name = en; path = en.lproj/InfoPlist.strings; sourceTree = "<group>"; };
		7CED79EB199030DA002C9043 /* ImageUtilsTests.m */ = {isa = PBXFileReference; lastKnownFileType = sourcecode.c.objc; path = ImageUtilsTests.m; sourceTree = "<group>"; };
/* End PBXFileReference section */

/* Begin PBXFrameworksBuildPhase section */
		7CED79BA199030DA002C9043 /* Frameworks */ = {
			isa = PBXFrameworksBuildPhase;
			buildActionMask = 2147483647;
			files = (
				7CED79C3199030DA002C9043 /* CoreGraphics.framework in Frameworks */,
				7CED79C5199030DA002C9043 /* UIKit.framework in Frameworks */,
				7CED79C1199030DA002C9043 /* Foundation.framework in Frameworks */,
			);
			runOnlyForDeploymentPostprocessing = 0;
		};
		7CED79DB199030DA002C9043 /* Frameworks */ = {
			isa = PBXFrameworksBuildPhase;
			buildActionMask = 2147483647;
			files = (
				7CED79E0199030DA002C9043 /* XCTest.framework in Frameworks */,
				7CED79E2199030DA002C9043 /* UIKit.framework in Frameworks */,
				7CED79E1199030DA002C9043 /* Foundation.framework in Frameworks */,
			);
			runOnlyForDeploymentPostprocessing = 0;
		};
/* End PBXFrameworksBuildPhase section */

/* Begin PBXGroup section */
		7CED79B4199030DA002C9043 = {
			isa = PBXGroup;
			children = (
				7CED79C6199030DA002C9043 /* ImageUtils */,
				7CED79E5199030DA002C9043 /* ImageUtilsTests */,
				7CED79BF199030DA002C9043 /* Frameworks */,
				7CED79BE199030DA002C9043 /* Products */,
			);
			sourceTree = "<group>";
		};
		7CED79BE199030DA002C9043 /* Products */ = {
			isa = PBXGroup;
			children = (
				7CED79BD199030DA002C9043 /* ImageUtils.app */,
				7CED79DE199030DA002C9043 /* ImageUtilsTests.xctest */,
			);
			name = Products;
			sourceTree = "<group>";
		};
		7CED79BF199030DA002C9043 /* Frameworks */ = {
			isa = PBXGroup;
			children = (
				7CED79C0199030DA002C9043 /* Foundation.framework */,
				7CED79C2199030DA002C9043 /* CoreGraphics.framework */,
				7CED79C4199030DA002C9043 /* UIKit.framework */,
				7CED79DF199030DA002C9043 /* XCTest.framework */,
			);
			name = Frameworks;
			sourceTree = "<group>";
		};
		7CED79C6199030DA002C9043 /* ImageUtils */ = {
			isa = PBXGroup;
			children = (
				7CED79CF199030DA002C9043 /* GAAppDelegate.h */,
				7CED79D0199030DA002C9043 /* GAAppDelegate.m */,
				7CED79D2199030DA002C9043 /* Main.storyboard */,
				7CED79D5199030DA002C9043 /* GAViewController.h */,
				7CED79D6199030DA002C9043 /* GAViewController.m */,
				7CED79D8199030DA002C9043 /* Images.xcassets */,
				7CED79C7199030DA002C9043 /* Supporting Files */,
			);
			path = ImageUtils;
			sourceTree = "<group>";
		};
		7CED79C7199030DA002C9043 /* Supporting Files */ = {
			isa = PBXGroup;
			children = (
				7CED79C8199030DA002C9043 /* ImageUtils-Info.plist */,
				7CED79C9199030DA002C9043 /* InfoPlist.strings */,
				7CED79CC199030DA002C9043 /* main.m */,
				7CED79CE199030DA002C9043 /* ImageUtils-Prefix.pch */,
			);
			name = "Supporting Files";
			sourceTree = "<group>";
		};
		7CED79E5199030DA002C9043 /* ImageUtilsTests */ = {
			isa = PBXGroup;
			children = (
				7CED79EB199030DA002C9043 /* ImageUtilsTests.m */,
				7CED79E6199030DA002C9043 /* Supporting Files */,
			);
			path = ImageUtilsTests;
			sourceTree = "<group>";
		};
		7CED79E6199030DA002C9043 /* Supporting Files */ = {
			isa = PBXGroup;
			children = (
				7CED79E7199030DA002C9043 /* ImageUtilsTests-Info.plist */,
				7CED79E8199030DA002C9043 /* InfoPlist.strings */,
			);
			name = "Supporting Files";
			sourceTree = "<group>";
		};
/* End PBXGroup section */

/* Begin PBXNativeTarget section */
		7CED79BC199030DA002C9043 /* ImageUtils */ = {
			isa = PBXNativeTarget;
			buildConfigurationList = 7CED79EF199030DA002C9043 /* Build configuration list for PBXNativeTarget "ImageUtils" */;
			buildPhases = (
				7CED79B9199030DA002C9043 /* Sources */,
				7CED79BA199030DA002C9043 /* Frameworks */,
				7CED79BB199030DA002C9043 /* Resources */,
			);
			buildRules = (
			);
			dependencies = (
			);
			name = ImageUtils;
			productName = ImageUtils;
			productReference = 7CED79BD199030DA002C9043 /* ImageUtils.app */;
			productType = "com.apple.product-type.application";
		};
		7CED79DD199030DA002C9043 /* ImageUtilsTests */ = {
			isa = PBXNativeTarget;
			buildConfigurationList = 7CED79F2199030DA002C9043 /* Build configuration list for PBXNativeTarget "ImageUtilsTests" */;
			buildPhases = (
				7CED79DA199030DA002C9043 /* Sources */,
				7CED79DB199030DA002C9043 /* Frameworks */,
				7CED79DC199030DA002C9043 /* Resources */,
			);
			buildRules = (
			);
			dependencies = (
				7CED79E4199030DA002C9043 /* PBXTargetDependency */,
			);
			name = ImageUtilsTests;
			productName = ImageUtilsTests;
			productReference = 7CED79DE199030DA002C9043 /* ImageUtilsTests.xctest */;
			productType = "com.apple.product-type.bundle.unit-test";
		};
/* End PBXNativeTarget section */

/* Begin PBXProject section */
		7CED79B5199030DA002C9043 /* Project object */ = {
			isa = PBXProject;
			attributes = {
				CLASSPREFIX = GA;
				LastUpgradeCheck = 0510;
				ORGANIZATIONNAME = "Garima Agarwal";
				TargetAttributes = {
					7CED79DD199030DA002C9043 = {
						TestTargetID = 7CED79BC199030DA002C9043;
					};
				};
			};
			buildConfigurationList = 7CED79B8199030DA002C9043 /* Build configuration list for PBXProject "ImageUtils" */;
			compatibilityVersion = "Xcode 3.2";
			developmentRegion = English;
			hasScannedForEncodings = 0;
			knownRegions = (
				en,
				Base,
			);
			mainGroup = 7CED79B4199030DA002C9043;
			productRefGroup = 7CED79BE199030DA002C9043 /* Products */;
			projectDirPath = "";
			projectRoot = "";
			targets = (
				7CED79BC199030DA002C9043 /* ImageUtils */,
				7CED79DD199030DA002C9043 /* ImageUtilsTests */,
			);
		};
/* End PBXProject section */

/* Begin PBXResourcesBuildPhase section */
		7CED79BB199030DA002C9043 /* Resources */ = {
			isa = PBXResourcesBuildPhase;
			buildActionMask = 2147483647;
			files = (
				7CED79D9199030DA002C9043 /* Images.xcassets in Resources */,
				7CED79CB199030DA002C9043 /* InfoPlist.strings in Resources */,
				7CED79D4199030DA002C9043 /* Main.storyboard in Resources */,
			);
			runOnlyForDeploymentPostprocessing = 0;
		};
		7CED79DC199030DA002C9043 /* Resources */ = {
			isa = PBXResourcesBuildPhase;
			buildActionMask = 2147483647;
			files = (
				7CED79EA199030DA002C9043 /* InfoPlist.strings in Resources */,
			);
			runOnlyForDeploymentPostprocessing = 0;
		};
/* End PBXResourcesBuildPhase section */

/* Begin PBXSourcesBuildPhase section */
		7CED79B9199030DA002C9043 /* Sources */ = {
			isa = PBXSourcesBuildPhase;
			buildActionMask = 2147483647;
			files = (
				7CED79D1199030DA002C9043 /* GAAppDelegate.m in Sources */,
				7CED79D7199030DA002C9043 /* GAViewController.m in Sources */,
				7CED79CD199030DA002C9043 /* main.m in Sources */,
			);
			runOnlyForDeploymentPostprocessing = 0;
		};
		7CED79DA199030DA002C9043 /* Sources */ = {
			isa = PBXSourcesBuildPhase;
			buildActionMask = 2147483647;
			files = (
				7CED79EC199030DA002C9043 /* ImageUtilsTests.m in Sources */,
			);
			runOnlyForDeploymentPostprocessing = 0;
		};
/* End PBXSourcesBuildPhase section */

/* Begin PBXTargetDependency section */
		7CED79E4199030DA002C9043 /* PBXTargetDependency */ = {
			isa = PBXTargetDependency;
			target = 7CED79BC199030DA002C9043 /* ImageUtils */;
			targetProxy = 7CED79E3199030DA002C9043 /* PBXContainerItemProxy */;
		};
/* End PBXTargetDependency section */

/* Begin PBXVariantGroup section */
		7CED79C9199030DA002C9043 /* InfoPlist.strings */ = {
			isa = PBXVariantGroup;
			children = (
				7CED79CA199030DA002C9043 /* en */,
			);
			name = InfoPlist.strings;
			sourceTree = "<group>";
		};
		7CED79D2199030DA002C9043 /* Main.storyboard */ = {
			isa = PBXVariantGroup;
			children = (
				7CED79D3199030DA002C9043 /* Base */,
			);
			name = Main.storyboard;
			sourceTree = "<group>";
		};
		7CED79E8199030DA002C9043 /* InfoPlist.strings */ = {
			isa = PBXVariantGroup;
			children = (
				7CED79E9199030DA002C9043 /* en */,
			);
			name = InfoPlist.strings;
			sourceTree = "<group>";
		};
/* End PBXVariantGroup section */

/* Begin XCBuildConfiguration section */
		7CED79ED199030DA002C9043 /* Debug */ = {
			isa = XCBuildConfiguration;
			buildSettings = {
				ALWAYS_SEARCH_USER_PATHS = NO;
				CLANG_CXX_LANGUAGE_STANDARD = "gnu++0x";
				CLANG_CXX_LIBRARY = "libc++";
				CLANG_ENABLE_MODULES = YES;
				CLANG_ENABLE_OBJC_ARC = YES;
				CLANG_WARN_BOOL_CONVERSION = YES;
				CLANG_WARN_CONSTANT_CONVERSION = YES;
				CLANG_WARN_DIRECT_OBJC_ISA_USAGE = YES_ERROR;
				CLANG_WARN_EMPTY_BODY = YES;
				CLANG_WARN_ENUM_CONVERSION = YES;
				CLANG_WARN_INT_CONVERSION = YES;
				CLANG_WARN_OBJC_ROOT_CLASS = YES_ERROR;
				CLANG_WARN__DUPLICATE_METHOD_MATCH = YES;
				"CODE_SIGN_IDENTITY[sdk=iphoneos*]" = "iPhone Developer";
				COPY_PHASE_STRIP = NO;
				GCC_C_LANGUAGE_STANDARD = gnu99;
				GCC_DYNAMIC_NO_PIC = NO;
				GCC_OPTIMIZATION_LEVEL = 0;
				GCC_PREPROCESSOR_DEFINITIONS = (
					"DEBUG=1",
					"$(inherited)",
				);
				GCC_SYMBOLS_PRIVATE_EXTERN = NO;
				GCC_WARN_64_TO_32_BIT_CONVERSION = YES;
				GCC_WARN_ABOUT_RETURN_TYPE = YES_ERROR;
				GCC_WARN_UNDECLARED_SELECTOR = YES;
				GCC_WARN_UNINITIALIZED_AUTOS = YES_AGGRESSIVE;
				GCC_WARN_UNUSED_FUNCTION = YES;
				GCC_WARN_UNUSED_VARIABLE = YES;
				IPHONEOS_DEPLOYMENT_TARGET = 7.1;
				ONLY_ACTIVE_ARCH = YES;
				SDKROOT = iphoneos;
			};
			name = Debug;
		};
		7CED79EE199030DA002C9043 /* Release */ = {
			isa = XCBuildConfiguration;
			buildSettings = {
				ALWAYS_SEARCH_USER_PATHS = NO;
				CLANG_CXX_LANGUAGE_STANDARD = "gnu++0x";
				CLANG_CXX_LIBRARY = "libc++";
				CLANG_ENABLE_MODULES = YES;
				CLANG_ENABLE_OBJC_ARC = YES;
				CLANG_WARN_BOOL_CONVERSION = YES;
				CLANG_WARN_CONSTANT_CONVERSION = YES;
				CLANG_WARN_DIRECT_OBJC_ISA_USAGE = YES_ERROR;
				CLANG_WARN_EMPTY_BODY = YES;
				CLANG_WARN_ENUM_CONVERSION = YES;
				CLANG_WARN_INT_CONVERSION = YES;
				CLANG_WARN_OBJC_ROOT_CLASS = YES_ERROR;
				CLANG_WARN__DUPLICATE_METHOD_MATCH = YES;
				"CODE_SIGN_IDENTITY[sdk=iphoneos*]" = "iPhone Developer";
				COPY_PHASE_STRIP = YES;
				ENABLE_NS_ASSERTIONS = NO;
				GCC_C_LANGUAGE_STANDARD = gnu99;
				GCC_WARN_64_TO_32_BIT_CONVERSION = YES;
				GCC_WARN_ABOUT_RETURN_TYPE = YES_ERROR;
				GCC_WARN_UNDECLARED_SELECTOR = YES;
				GCC_WARN_UNINITIALIZED_AUTOS = YES_AGGRESSIVE;
				GCC_WARN_UNUSED_FUNCTION = YES;
				GCC_WARN_UNUSED_VARIABLE = YES;
				IPHONEOS_DEPLOYMENT_TARGET = 7.1;
				SDKROOT = iphoneos;
				VALIDATE_PRODUCT = YES;
			};
			name = Release;
		};
		7CED79F0199030DA002C9043 /* Debug */ = {
			isa = XCBuildConfiguration;
			buildSettings = {
				ASSETCATALOG_COMPILER_APPICON_NAME = AppIcon;
				ASSETCATALOG_COMPILER_LAUNCHIMAGE_NAME = LaunchImage;
				GCC_PRECOMPILE_PREFIX_HEADER = YES;
				GCC_PREFIX_HEADER = "ImageUtils/ImageUtils-Prefix.pch";
				INFOPLIST_FILE = "ImageUtils/ImageUtils-Info.plist";
				PRODUCT_NAME = "$(TARGET_NAME)";
				WRAPPER_EXTENSION = app;
			};
			name = Debug;
		};
		7CED79F1199030DA002C9043 /* Release */ = {
			isa = XCBuildConfiguration;
			buildSettings = {
				ASSETCATALOG_COMPILER_APPICON_NAME = AppIcon;
				ASSETCATALOG_COMPILER_LAUNCHIMAGE_NAME = LaunchImage;
				GCC_PRECOMPILE_PREFIX_HEADER = YES;
				GCC_PREFIX_HEADER = "ImageUtils/ImageUtils-Prefix.pch";
				INFOPLIST_FILE = "ImageUtils/ImageUtils-Info.plist";
				PRODUCT_NAME = "$(TARGET_NAME)";
				WRAPPER_EXTENSION = app;
			};
			name = Release;
		};
		7CED79F3199030DA002C9043 /* Debug */ = {
			isa = XCBuildConfiguration;
			buildSettings = {
				BUNDLE_LOADER = "$(BUILT_PRODUCTS_DIR)/ImageUtils.app/ImageUtils";
				FRAMEWORK_SEARCH_PATHS = (
					"$(SDKROOT)/Developer/Library/Frameworks",
					"$(inherited)",
					"$(DEVELOPER_FRAMEWORKS_DIR)",
				);
				GCC_PRECOMPILE_PREFIX_HEADER = YES;
				GCC_PREFIX_HEADER = "ImageUtils/ImageUtils-Prefix.pch";
				GCC_PREPROCESSOR_DEFINITIONS = (
					"DEBUG=1",
					"$(inherited)",
				);
				INFOPLIST_FILE = "ImageUtilsTests/ImageUtilsTests-Info.plist";
				PRODUCT_NAME = "$(TARGET_NAME)";
				TEST_HOST = "$(BUNDLE_LOADER)";
				WRAPPER_EXTENSION = xctest;
			};
			name = Debug;
		};
		7CED79F4199030DA002C9043 /* Release */ = {
			isa = XCBuildConfiguration;
			buildSettings = {
				BUNDLE_LOADER = "$(BUILT_PRODUCTS_DIR)/ImageUtils.app/ImageUtils";
				FRAMEWORK_SEARCH_PATHS = (
					"$(SDKROOT)/Developer/Library/Frameworks",
					"$(inherited)",
					"$(DEVELOPER_FRAMEWORKS_DIR)",
				);
				GCC_PRECOMPILE_PREFIX_HEADER = YES;
				GCC_PREFIX_HEADER = "ImageUtils/ImageUtils-Prefix.pch";
				INFOPLIST_FILE = "ImageUtilsTests/ImageUtilsTests-Info.plist";
				PRODUCT_NAME = "$(TARGET_NAME)";
				TEST_HOST = "$(BUNDLE_LOADER)";
				WRAPPER_EXTENSION = xctest;
			};
			name = Release;
		};
/* End XCBuildConfiguration section */

/* Begin XCConfigurationList section */
		7CED79B8199030DA002C9043 /* Build configuration list for PBXProject "ImageUtils" */ = {
			isa = XCConfigurationList;
			buildConfigurations = (
				7CED79ED199030DA002C9043 /* Debug */,
				7CED79EE199030DA002C9043 /* Release */,
			);
			defaultConfigurationIsVisible = 0;
			defaultConfigurationName = Release;
		};
		7CED79EF199030DA002C9043 /* Build configuration list for PBXNativeTarget "ImageUtils" */ = {
			isa = XCConfigurationList;
			buildConfigurations = (
				7CED79F0199030DA002C9043 /* Debug */,
				7CED79F1199030DA002C9043 /* Release */,
			);
			defaultConfigurationIsVisible = 0;
		};
		7CED79F2199030DA002C9043 /* Build configuration list for PBXNativeTarget "ImageUtilsTests" */ = {
			isa = XCConfigurationList;
			buildConfigurations = (
				7CED79F3199030DA002C9043 /* Debug */,
				7CED79F4199030DA002C9043 /* Release */,
			);
			defaultConfigurationIsVisible = 0;
		};
/* End XCConfigurationList section */
	};
	rootObject = 7CED79B5199030DA002C9043 /* Project object */;
}
